PODS:
  - battery_plus (0.0.1):
    - FlutterMacOS
  - connectivity_plus (0.0.1):
    - FlutterMacOS
  - device_info_plus (0.0.1):
    - FlutterMacOS
  - dynamic_color (0.0.2):
    - FlutterMacOS
  - file_selector_macos (0.0.1):
    - FlutterMacOS
  - flutter_inappwebview_macos (0.0.1):
    - FlutterMacOS
    - OrderedSet (~> 6.0.3)
  - flutter_local_notifications (0.0.1):
    - FlutterMacOS
  - FlutterMacOS (1.0.0)
  - ObjectBox (5.2.0)
  - objectbox_flutter_libs (0.0.1):
    - FlutterMacOS
    - ObjectBox (= 5.2.0)
  - open_file_mac (1.0.3):
    - FlutterMacOS
  - OrderedSet (6.0.3)
  - package_info_plus (0.0.1):
    - FlutterMacOS
  - rust_lib_zephyr (0.0.1):
    - FlutterMacOS
  - screen_retriever_macos (0.0.1):
    - FlutterMacOS
  - Sentry/HybridSDK (8.56.2)
  - sentry_flutter (9.14.0):
    - Flutter
    - FlutterMacOS
    - Sentry/HybridSDK (= 8.56.2)
  - shared_preferences_foundation (0.0.1):
    - Flutter
    - FlutterMacOS
  - tray_manager (0.0.1):
    - FlutterMacOS
  - url_launcher_macos (0.0.1):
    - FlutterMacOS
  - window_manager (0.5.0):
    - FlutterMacOS

DEPENDENCIES:
  - battery_plus (from `Flutter/ephemeral/.symlinks/plugins/battery_plus/macos`)
  - connectivity_plus (from `Flutter/ephemeral/.symlinks/plugins/connectivity_plus/macos`)
  - device_info_plus (from `Flutter/ephemeral/.symlinks/plugins/device_info_plus/macos`)
  - dynamic_color (from `Flutter/ephemeral/.symlinks/plugins/dynamic_color/macos`)
  - file_selector_macos (from `Flutter/ephemeral/.symlinks/plugins/file_selector_macos/macos`)
  - flutter_inappwebview_macos (from `Flutter/ephemeral/.symlinks/plugins/flutter_inappwebview_macos/macos`)
  - flutter_local_notifications (from `Flutter/ephemeral/.symlinks/plugins/flutter_local_notifications/macos`)
  - FlutterMacOS (from `Flutter/ephemeral`)
  - objectbox_flutter_libs (from `Flutter/ephemeral/.symlinks/plugins/objectbox_flutter_libs/macos`)
  - open_file_mac (from `Flutter/ephemeral/.symlinks/plugins/open_file_mac/macos`)
  - package_info_plus (from `Flutter/ephemeral/.symlinks/plugins/package_info_plus/macos`)
  - rust_lib_zephyr (from `Flutter/ephemeral/.symlinks/plugins/rust_lib_zephyr/macos`)
  - screen_retriever_macos (from `Flutter/ephemeral/.symlinks/plugins/screen_retriever_macos/macos`)
  - sentry_flutter (from `Flutter/ephemeral/.symlinks/plugins/sentry_flutter/macos`)
  - shared_preferences_foundation (from `Flutter/ephemeral/.symlinks/plugins/shared_preferences_foundation/darwin`)
  - tray_manager (from `Flutter/ephemeral/.symlinks/plugins/tray_manager/macos`)
  - url_launcher_macos (from `Flutter/ephemeral/.symlinks/plugins/url_launcher_macos/macos`)
  - window_manager (from `Flutter/ephemeral/.symlinks/plugins/window_manager/macos`)

SPEC REPOS:
  trunk:
    - ObjectBox
    - OrderedSet
    - Sentry

EXTERNAL SOURCES:
  battery_plus:
    :path: Flutter/ephemeral/.symlinks/plugins/battery_plus/macos
  connectivity_plus:
    :path: Flutter/ephemeral/.symlinks/plugins/connectivity_plus/macos
  device_info_plus:
    :path: Flutter/ephemeral/.symlinks/plugins/device_info_plus/macos
  dynamic_color:
    :path: Flutter/ephemeral/.symlinks/plugins/dynamic_color/macos
  file_selector_macos:
    :path: Flutter/ephemeral/.symlinks/plugins/file_selector_macos/macos
  flutter_inappwebview_macos:
    :path: Flutter/ephemeral/.symlinks/plugins/flutter_inappwebview_macos/macos
  flutter_local_notifications:
    :path: Flutter/ephemeral/.symlinks/plugins/flutter_local_notifications/macos
  FlutterMacOS:
    :path: Flutter/ephemeral
  objectbox_flutter_libs:
    :path: Flutter/ephemeral/.symlinks/plugins/objectbox_flutter_libs/macos
  open_file_mac:
    :path: Flutter/ephemeral/.symlinks/plugins/open_file_mac/macos
  package_info_plus:
    :path: Flutter/ephemeral/.symlinks/plugins/package_info_plus/macos
  rust_lib_zephyr:
    :path: Flutter/ephemeral/.symlinks/plugins/rust_lib_zephyr/macos
  screen_retriever_macos:
    :path: Flutter/ephemeral/.symlinks/plugins/screen_retriever_macos/macos
  sentry_flutter:
    :path: Flutter/ephemeral/.symlinks/plugins/sentry_flutter/macos
  shared_preferences_foundation:
    :path: Flutter/ephemeral/.symlinks/plugins/shared_preferences_foundation/darwin
  tray_manager:
    :path: Flutter/ephemeral/.symlinks/plugins/tray_manager/macos
  url_launcher_macos:
    :path: Flutter/ephemeral/.symlinks/plugins/url_launcher_macos/macos
  window_manager:
    :path: Flutter/ephemeral/.symlinks/plugins/window_manager/macos

SPEC CHECKSUMS:
  battery_plus: f51ad29136e025b714b96f7d096f44f604615da7
  connectivity_plus: 4adf20a405e25b42b9c9f87feff8f4b6fde18a4e
  device_info_plus: 4fb280989f669696856f8b129e4a5e3cd6c48f76
  dynamic_color: cb7c2a300ee67ed3bd96c3e852df3af0300bf610
  file_selector_macos: 9e9e068e90ebee155097d00e89ae91edb2374db7
  flutter_inappwebview_macos: c2d68649f9f8f1831bfcd98d73fd6256366d9d1d
  flutter_local_notifications: 4bf37a31afde695b56091b4ae3e4d9c7a7e6cda0
  FlutterMacOS: d0db08ddef1a9af05a5ec4b724367152bb0500b1
  ObjectBox: 946c1e8586aaa61e21b6661bab4948d06fdd51c4
  objectbox_flutter_libs: 52ffb4ad42870c47886c2c6a7528e76b770af6d9
  open_file_mac: 76f06c8597551249bdb5e8fd8827a98eae0f4585
  OrderedSet: e539b66b644ff081c73a262d24ad552a69be3a94
  package_info_plus: f0052d280d17aa382b932f399edf32507174e870
  rust_lib_zephyr: b5b07e7248057c1e4361ac3e7e4c9f7bf233ed97
  screen_retriever_macos: 452e51764a9e1cdb74b3c541238795849f21557f
  Sentry: b53951377b78e21a734f5dc8318e333dbfc682d7
  sentry_flutter: 841fa2fe08dc72eb95e2320b76e3f751f3400cf5
  shared_preferences_foundation: 7036424c3d8ec98dfe75ff1667cb0cd531ec82bb
  tray_manager: a104b5c81b578d83f3c3d0f40a997c8b10810166
  url_launcher_macos: f87a979182d112f911de6820aefddaf56ee9fbfd
  window_manager: b729e31d38fb04905235df9ea896128991cad99e

PODFILE CHECKSUM: 346bfb2deb41d4a6ebd6f6799f92188bde2d246f

COCOAPODS: 1.16.2
